
Microsoft Visual Studio Solution File, Format Version 12.00
# Visual Studio 15
VisualStudioVersion = 15.0.28010.0
MinimumVisualStudioVersion = 10.0.40219.1
Project("{FAE04EC0-301F-11D3-BF4B-00C04F79EFBC}") = "RaspHandlerMobile.Android", "RaspHandlerMobile\RaspHandlerMobile.Android\RaspHandlerMobile.Android.csproj", "{24CE3C36-16B9-426D-AA0C-5961ECF8D88C}"
EndProject
Project("{FAE04EC0-301F-11D3-BF4B-00C04F79EFBC}") = "RaspHandlerMobile.iOS", "RaspHandlerMobile\RaspHandlerMobile.iOS\RaspHandlerMobile.iOS.csproj", "{08A4490F-61D6-4701-8442-06AC72BFFDA2}"
EndProject
Project("{FAE04EC0-301F-11D3-BF4B-00C04F79EFBC}") = "RaspHandlerMobile", "RaspHandlerMobile\RaspHandlerMobile\RaspHandlerMobile.csproj", "{49C630F7-581E-4045-A1B7-8D0B056E3EDA}"
EndProject
Global
	GlobalSection(SolutionConfigurationPlatforms) = preSolution
		Debug|Any CPU = Debug|Any CPU
		Debug|iPhone = Debug|iPhone
		Debug|iPhoneSimulator = Debug|iPhoneSimulator
		Release|Any CPU = Release|Any CPU
		Release|iPhone = Release|iPhone
		Release|iPhoneSimulator = Release|iPhoneSimulator
	EndGlobalSection
	GlobalSection(ProjectConfigurationPlatforms) = postSolution
		{24CE3C36-16B9-426D-AA0C-5961ECF8D88C}.Debug|Any CPU.ActiveCfg = Debug|Any CPU
		{24CE3C36-16B9-426D-AA0C-5961ECF8D88C}.Debug|Any CPU.Build.0 = Debug|Any CPU
		{24CE3C36-16B9-426D-AA0C-5961ECF8D88C}.Debug|Any CPU.Deploy.0 = Debug|Any CPU
		{24CE3C36-16B9-426D-AA0C-5961ECF8D88C}.Debug|iPhone.ActiveCfg = Debug|Any CPU
		{24CE3C36-16B9-426D-AA0C-5961ECF8D88C}.Debug|iPhone.Build.0 = Debug|Any CPU
		{24CE3C36-16B9-426D-AA0C-5961ECF8D88C}.Debug|iPhone.Deploy.0 = Debug|Any CPU
		{24CE3C36-16B9-426D-AA0C-5961ECF8D88C}.Debug|iPhoneSimulator.ActiveCfg = Debug|Any CPU
		{24CE3C36-16B9-426D-AA0C-5961ECF8D88C}.Debug|iPhoneSimulator.Build.0 = Debug|Any CPU
		{24CE3C36-16B9-426D-AA0C-5961ECF8D88C}.Debug|iPhoneSimulator.Deploy.0 = Debug|Any CPU
		{24CE3C36-16B9-426D-AA0C-5961ECF8D88C}.Release|Any CPU.ActiveCfg = Release|Any CPU
		{24CE3C36-16B9-426D-AA0C-5961ECF8D88C}.Release|Any CPU.Build.0 = Release|Any CPU
		{24CE3C36-16B9-426D-AA0C-5961ECF8D88C}.Release|Any CPU.Deploy.0 = Release|Any CPU
		{24CE3C36-16B9-426D-AA0C-5961ECF8D88C}.Release|iPhone.ActiveCfg = Release|Any CPU
		{24CE3C36-16B9-426D-AA0C-5961ECF8D88C}.Release|iPhone.Build.0 = Release|Any CPU
		{24CE3C36-16B9-426D-AA0C-5961ECF8D88C}.Release|iPhone.Deploy.0 = Release|Any CPU
		{24CE3C36-16B9-426D-AA0C-5961ECF8D88C}.Release|iPhoneSimulator.ActiveCfg = Release|Any CPU
		{24CE3C36-16B9-426D-AA0C-5961ECF8D88C}.Release|iPhoneSimulator.Build.0 = Release|Any CPU
		{24CE3C36-16B9-426D-AA0C-5961ECF8D88C}.Release|iPhoneSimulator.Deploy.0 = Release|Any CPU
		{08A4490F-61D6-4701-8442-06AC72BFFDA2}.Debug|Any CPU.ActiveCfg = Debug|iPhoneSimulator
		{08A4490F-61D6-4701-8442-06AC72BFFDA2}.Debug|Any CPU.Build.0 = Debug|iPhoneSimulator
		{08A4490F-61D6-4701-8442-06AC72BFFDA2}.Debug|Any CPU.Deploy.0 = Debug|iPhoneSimulator
		{08A4490F-61D6-4701-8442-06AC72BFFDA2}.Debug|iPhone.ActiveCfg = Debug|iPhone
		{08A4490F-61D6-4701-8442-06AC72BFFDA2}.Debug|iPhone.Build.0 = Debug|iPhone
		{08A4490F-61D6-4701-8442-06AC72BFFDA2}.Debug|iPhone.Deploy.0 = Debug|iPhone
		{08A4490F-61D6-4701-8442-06AC72BFFDA2}.Debug|iPhoneSimulator.ActiveCfg = Debug|iPhoneSimulator
		{08A4490F-61D6-4701-8442-06AC72BFFDA2}.Debug|iPhoneSimulator.Build.0 = Debug|iPhoneSimulator
		{08A4490F-61D6-4701-8442-06AC72BFFDA2}.Debug|iPhoneSimulator.Deploy.0 = Debug|iPhoneSimulator
		{08A4490F-61D6-4701-8442-06AC72BFFDA2}.Release|Any CPU.ActiveCfg = Release|iPhone
		{08A4490F-61D6-4701-8442-06AC72BFFDA2}.Release|Any CPU.Build.0 = Release|iPhone
		{08A4490F-61D6-4701-8442-06AC72BFFDA2}.Release|Any CPU.Deploy.0 = Release|iPhone
		{08A4490F-61D6-4701-8442-06AC72BFFDA2}.Release|iPhone.ActiveCfg = Release|iPhone
		{08A4490F-61D6-4701-8442-06AC72BFFDA2}.Release|iPhone.Build.0 = Release|iPhone
		{08A4490F-61D6-4701-8442-06AC72BFFDA2}.Release|iPhone.Deploy.0 = Release|iPhone
		{08A4490F-61D6-4701-8442-06AC72BFFDA2}.Release|iPhoneSimulator.ActiveCfg = Release|iPhoneSimulator
		{08A4490F-61D6-4701-8442-06AC72BFFDA2}.Release|iPhoneSimulator.Build.0 = Release|iPhoneSimulator
		{08A4490F-61D6-4701-8442-06AC72BFFDA2}.Release|iPhoneSimulator.Deploy.0 = Release|iPhoneSimulator
		{49C630F7-581E-4045-A1B7-8D0B056E3EDA}.Debug|Any CPU.ActiveCfg = Debug|Any CPU
		{49C630F7-581E-4045-A1B7-8D0B056E3EDA}.Debug|Any CPU.Build.0 = Debug|Any CPU
		{49C630F7-581E-4045-A1B7-8D0B056E3EDA}.Debug|Any CPU.Deploy.0 = Debug|Any CPU
		{49C630F7-581E-4045-A1B7-8D0B056E3EDA}.Debug|iPhone.ActiveCfg = Debug|Any CPU
		{49C630F7-581E-4045-A1B7-8D0B056E3EDA}.Debug|iPhone.Build.0 = Debug|Any CPU
		{49C630F7-581E-4045-A1B7-8D0B056E3EDA}.Debug|iPhone.Deploy.0 = Debug|Any CPU
		{49C630F7-581E-4045-A1B7-8D0B056E3EDA}.Debug|iPhoneSimulator.ActiveCfg = Debug|Any CPU
		{49C630F7-581E-4045-A1B7-8D0B056E3EDA}.Debug|iPhoneSimulator.Build.0 = Debug|Any CPU
		{49C630F7-581E-4045-A1B7-8D0B056E3EDA}.Debug|iPhoneSimulator.Deploy.0 = Debug|Any CPU
		{49C630F7-581E-4045-A1B7-8D0B056E3EDA}.Release|Any CPU.ActiveCfg = Release|Any CPU
		{49C630F7-581E-4045-A1B7-8D0B056E3EDA}.Release|Any CPU.Build.0 = Release|Any CPU
		{49C630F7-581E-4045-A1B7-8D0B056E3EDA}.Release|Any CPU.Deploy.0 = Release|Any CPU
		{49C630F7-581E-4045-A1B7-8D0B056E3EDA}.Release|iPhone.ActiveCfg = Release|Any CPU
		{49C630F7-581E-4045-A1B7-8D0B056E3EDA}.Release|iPhone.Build.0 = Release|Any CPU
		{49C630F7-581E-4045-A1B7-8D0B056E3EDA}.Release|iPhone.Deploy.0 = Release|Any CPU
		{49C630F7-581E-4045-A1B7-8D0B056E3EDA}.Release|iPhoneSimulator.ActiveCfg = Release|Any CPU
		{49C630F7-581E-4045-A1B7-8D0B056E3EDA}.Release|iPhoneSimulator.Build.0 = Release|Any CPU
		{49C630F7-581E-4045-A1B7-8D0B056E3EDA}.Release|iPhoneSimulator.Deploy.0 = Release|Any CPU
	EndGlobalSection
	GlobalSection(SolutionProperties) = preSolution
		HideSolutionNode = FALSE
	EndGlobalSection
	GlobalSection(ExtensibilityGlobals) = postSolution
		SolutionGuid = {561007AE-9E9A-4B66-AFE4-75DF3B39D4A4}
	EndGlobalSection
EndGlobal
